
Microsoft Visual Studio Solution File, Format Version 12.00
# Visual Studio Version 17
VisualStudioVersion = 17.3.32901.215
MinimumVisualStudioVersion = 10.0.40219.1
Project("{FAE04EC0-301F-11D3-BF4B-00C04F79EFBC}") = "Activity 12 CST_150", "Activity 12 CST_150\Activity 12 CST_150.csproj", "{59A23A46-4436-495D-9217-6B3B2E26902E}"
EndProject
Global
	GlobalSection(SolutionConfigurationPlatforms) = preSolution
		Debug|Any CPU = Debug|Any CPU
		Release|Any CPU = Release|Any CPU
	EndGlobalSection
	GlobalSection(ProjectConfigurationPlatforms) = postSolution
		{59A23A46-4436-495D-9217-6B3B2E26902E}.Debug|Any CPU.ActiveCfg = Debug|Any CPU
		{59A23A46-4436-495D-9217-6B3B2E26902E}.Debug|Any CPU.Build.0 = Debug|Any CPU
		{59A23A46-4436-495D-9217-6B3B2E26902E}.Release|Any CPU.ActiveCfg = Release|Any CPU
		{59A23A46-4436-495D-9217-6B3B2E26902E}.Release|Any CPU.Build.0 = Release|Any CPU
	EndGlobalSection
	GlobalSection(SolutionProperties) = preSolution
		HideSolutionNode = FALSE
	EndGlobalSection
	GlobalSection(ExtensibilityGlobals) = postSolution
		SolutionGuid = {8A6B632E-84E8-41FE-A21C-1AC6C5F7E7AB}
	EndGlobalSection
EndGlobal
